
Microsoft Visual Studio Solution File, Format Version 12.00
# Visual Studio 14
VisualStudioVersion = 14.0.25420.1
MinimumVisualStudioVersion = 10.0.40219.1
Project("{8BC9CEB8-8B4A-11D0-8D11-00A0C91BC942}") = "C-01", "C-01\C-01.vcxproj", "{E18312AD-F1DF-43C5-A8A7-4B9E1B8685A0}"
EndProject
Project("{8BC9CEB8-8B4A-11D0-8D11-00A0C91BC942}") = "C-02", "C-02\C-02.vcxproj", "{755CC079-32AB-4928-8552-9DDFFEEF1E58}"
EndProject
Project("{8BC9CEB8-8B4A-11D0-8D11-00A0C91BC942}") = "C-03", "C-03\C-03.vcxproj", "{4A7E576A-EF57-489C-916D-5CF375216985}"
EndProject
Project("{8BC9CEB8-8B4A-11D0-8D11-00A0C91BC942}") = "C-04", "C-04\C-04.vcxproj", "{4D022E28-01E4-4003-A2D7-94DEBEEBD74A}"
EndProject
Project("{8BC9CEB8-8B4A-11D0-8D11-00A0C91BC942}") = "C-05", "C-05\C-05.vcxproj", "{A2C56E5A-BCDF-4BEB-B6FA-1F8071E26FD5}"
EndProject
Project("{8BC9CEB8-8B4A-11D0-8D11-00A0C91BC942}") = "C-06", "C-06\C-06.vcxproj", "{6D0DF780-F624-4ABC-9FFB-0D96169165ED}"
EndProject
Project("{8BC9CEB8-8B4A-11D0-8D11-00A0C91BC942}") = "stud", "stud\stud.vcxproj", "{6E11A484-CDE3-43CF-A641-F7DAA2B60C32}"
EndProject
Global
	GlobalSection(SolutionConfigurationPlatforms) = preSolution
		Debug|x64 = Debug|x64
		Debug|x86 = Debug|x86
		Release|x64 = Release|x64
		Release|x86 = Release|x86
	EndGlobalSection
	GlobalSection(ProjectConfigurationPlatforms) = postSolution
		{E18312AD-F1DF-43C5-A8A7-4B9E1B8685A0}.Debug|x64.ActiveCfg = Debug|x64
		{E18312AD-F1DF-43C5-A8A7-4B9E1B8685A0}.Debug|x64.Build.0 = Debug|x64
		{E18312AD-F1DF-43C5-A8A7-4B9E1B8685A0}.Debug|x86.ActiveCfg = Debug|Win32
		{E18312AD-F1DF-43C5-A8A7-4B9E1B8685A0}.Debug|x86.Build.0 = Debug|Win32
		{E18312AD-F1DF-43C5-A8A7-4B9E1B8685A0}.Release|x64.ActiveCfg = Release|x64
		{E18312AD-F1DF-43C5-A8A7-4B9E1B8685A0}.Release|x64.Build.0 = Release|x64
		{E18312AD-F1DF-43C5-A8A7-4B9E1B8685A0}.Release|x86.ActiveCfg = Release|Win32
		{E18312AD-F1DF-43C5-A8A7-4B9E1B8685A0}.Release|x86.Build.0 = Release|Win32
		{755CC079-32AB-4928-8552-9DDFFEEF1E58}.Debug|x64.ActiveCfg = Debug|x64
		{755CC079-32AB-4928-8552-9DDFFEEF1E58}.Debug|x64.Build.0 = Debug|x64
		{755CC079-32AB-4928-8552-9DDFFEEF1E58}.Debug|x86.ActiveCfg = Debug|Win32
		{755CC079-32AB-4928-8552-9DDFFEEF1E58}.Debug|x86.Build.0 = Debug|Win32
		{755CC079-32AB-4928-8552-9DDFFEEF1E58}.Release|x64.ActiveCfg = Release|x64
		{755CC079-32AB-4928-8552-9DDFFEEF1E58}.Release|x64.Build.0 = Release|x64
		{755CC079-32AB-4928-8552-9DDFFEEF1E58}.Release|x86.ActiveCfg = Release|Win32
		{755CC079-32AB-4928-8552-9DDFFEEF1E58}.Release|x86.Build.0 = Release|Win32
		{4A7E576A-EF57-489C-916D-5CF375216985}.Debug|x64.ActiveCfg = Debug|x64
		{4A7E576A-EF57-489C-916D-5CF375216985}.Debug|x64.Build.0 = Debug|x64
		{4A7E576A-EF57-489C-916D-5CF375216985}.Debug|x86.ActiveCfg = Debug|Win32
		{4A7E576A-EF57-489C-916D-5CF375216985}.Debug|x86.Build.0 = Debug|Win32
		{4A7E576A-EF57-489C-916D-5CF375216985}.Release|x64.ActiveCfg = Release|x64
		{4A7E576A-EF57-489C-916D-5CF375216985}.Release|x64.Build.0 = Release|x64
		{4A7E576A-EF57-489C-916D-5CF375216985}.Release|x86.ActiveCfg = Release|Win32
		{4A7E576A-EF57-489C-916D-5CF375216985}.Release|x86.Build.0 = Release|Win32
		{4D022E28-01E4-4003-A2D7-94DEBEEBD74A}.Debug|x64.ActiveCfg = Debug|x64
		{4D022E28-01E4-4003-A2D7-94DEBEEBD74A}.Debug|x64.Build.0 = Debug|x64
		{4D022E28-01E4-4003-A2D7-94DEBEEBD74A}.Debug|x86.ActiveCfg = Debug|Win32
		{4D022E28-01E4-4003-A2D7-94DEBEEBD74A}.Debug|x86.Build.0 = Debug|Win32
		{4D022E28-01E4-4003-A2D7-94DEBEEBD74A}.Release|x64.ActiveCfg = Release|x64
		{4D022E28-01E4-4003-A2D7-94DEBEEBD74A}.Release|x64.Build.0 = Release|x64
		{4D022E28-01E4-4003-A2D7-94DEBEEBD74A}.Release|x86.ActiveCfg = Release|Win32
		{4D022E28-01E4-4003-A2D7-94DEBEEBD74A}.Release|x86.Build.0 = Release|Win32
		{A2C56E5A-BCDF-4BEB-B6FA-1F8071E26FD5}.Debug|x64.ActiveCfg = Debug|x64
		{A2C56E5A-BCDF-4BEB-B6FA-1F8071E26FD5}.Debug|x64.Build.0 = Debug|x64
		{A2C56E5A-BCDF-4BEB-B6FA-1F8071E26FD5}.Debug|x86.ActiveCfg = Debug|Win32
		{A2C56E5A-BCDF-4BEB-B6FA-1F8071E26FD5}.Debug|x86.Build.0 = Debug|Win32
		{A2C56E5A-BCDF-4BEB-B6FA-1F8071E26FD5}.Release|x64.ActiveCfg = Release|x64
		{A2C56E5A-BCDF-4BEB-B6FA-1F8071E26FD5}.Release|x64.Build.0 = Release|x64
		{A2C56E5A-BCDF-4BEB-B6FA-1F8071E26FD5}.Release|x86.ActiveCfg = Release|Win32
		{A2C56E5A-BCDF-4BEB-B6FA-1F8071E26FD5}.Release|x86.Build.0 = Release|Win32
		{6D0DF780-F624-4ABC-9FFB-0D96169165ED}.Debug|x64.ActiveCfg = Debug|x64
		{6D0DF780-F624-4ABC-9FFB-0D96169165ED}.Debug|x64.Build.0 = Debug|x64
		{6D0DF780-F624-4ABC-9FFB-0D96169165ED}.Debug|x86.ActiveCfg = Debug|Win32
		{6D0DF780-F624-4ABC-9FFB-0D96169165ED}.Debug|x86.Build.0 = Debug|Win32
		{6D0DF780-F624-4ABC-9FFB-0D96169165ED}.Release|x64.ActiveCfg = Release|x64
		{6D0DF780-F624-4ABC-9FFB-0D96169165ED}.Release|x64.Build.0 = Release|x64
		{6D0DF780-F624-4ABC-9FFB-0D96169165ED}.Release|x86.ActiveCfg = Release|Win32
		{6D0DF780-F624-4ABC-9FFB-0D96169165ED}.Release|x86.Build.0 = Release|Win32
		{6E11A484-CDE3-43CF-A641-F7DAA2B60C32}.Debug|x64.ActiveCfg = Debug|x64
		{6E11A484-CDE3-43CF-A641-F7DAA2B60C32}.Debug|x64.Build.0 = Debug|x64
		{6E11A484-CDE3-43CF-A641-F7DAA2B60C32}.Debug|x86.ActiveCfg = Debug|Win32
		{6E11A484-CDE3-43CF-A641-F7DAA2B60C32}.Debug|x86.Build.0 = Debug|Win32
		{6E11A484-CDE3-43CF-A641-F7DAA2B60C32}.Release|x64.ActiveCfg = Release|x64
		{6E11A484-CDE3-43CF-A641-F7DAA2B60C32}.Release|x64.Build.0 = Release|x64
		{6E11A484-CDE3-43CF-A641-F7DAA2B60C32}.Release|x86.ActiveCfg = Release|Win32
		{6E11A484-CDE3-43CF-A641-F7DAA2B60C32}.Release|x86.Build.0 = Release|Win32
	EndGlobalSection
	GlobalSection(SolutionProperties) = preSolution
		HideSolutionNode = FALSE
	EndGlobalSection
EndGlobal
